// !$*UTF8*$!
{
	archiveVersion = 1;
	classes = {
	};
	objectVersion = 51;
	objects = {

/* Begin PBXBuildFile section */
		509F07EB4BF23A42A21035E4 /* libPods-OneBreath.a in Frameworks */ = {isa = PBXBuildFile; fileRef = E50B63294E420107016F8AE2 /* libPods-OneBreath.a */; };
		C82C6CE6239DDFB800580339 /* ProgressView.xib in Resources */ = {isa = PBXBuildFile; fileRef = C82C6CE5239DDFB800580339 /* ProgressView.xib */; };
		C82C6CE8239DDFC500580339 /* ProgressView.swift in Sources */ = {isa = PBXBuildFile; fileRef = C82C6CE7239DDFC500580339 /* ProgressView.swift */; };
		C85F34AA2399D8090099DCBF /* Networker.swift in Sources */ = {isa = PBXBuildFile; fileRef = C85F34A92399D8090099DCBF /* Networker.swift */; };
		C8731A09236C8D9800693A52 /* PostBreathingView.swift in Sources */ = {isa = PBXBuildFile; fileRef = C8731A08236C8D9700693A52 /* PostBreathingView.swift */; };
		C8731A0B236C8E1B00693A52 /* PostBreathingView.xib in Resources */ = {isa = PBXBuildFile; fileRef = C8731A0A236C8E1B00693A52 /* PostBreathingView.xib */; };
		C877C56023AC1F7F002EE9A7 /* BambuserPlayerView.swift in Sources */ = {isa = PBXBuildFile; fileRef = C877C55F23AC1F7F002EE9A7 /* BambuserPlayerView.swift */; };
		C8B5918523A6F56400BF0DA0 /* AudioManager.swift in Sources */ = {isa = PBXBuildFile; fileRef = C8B5918423A6F56400BF0DA0 /* AudioManager.swift */; };
		C8B9801F23ADA4980024A48E /* AWSCognito.framework in Frameworks */ = {isa = PBXBuildFile; fileRef = C8B9801923AD9F6C0024A48E /* AWSCognito.framework */; };
		C8B9802023ADA4980024A48E /* AWSCognito.framework in Embed Frameworks */ = {isa = PBXBuildFile; fileRef = C8B9801923AD9F6C0024A48E /* AWSCognito.framework */; settings = {ATTRIBUTES = (CodeSignOnCopy, RemoveHeadersOnCopy, ); }; };
		C8B9802223ADA49A0024A48E /* AWSCore.framework in Frameworks */ = {isa = PBXBuildFile; fileRef = C8B9801B23AD9F780024A48E /* AWSCore.framework */; };
		C8B9802323ADA49A0024A48E /* AWSCore.framework in Embed Frameworks */ = {isa = PBXBuildFile; fileRef = C8B9801B23AD9F780024A48E /* AWSCore.framework */; settings = {ATTRIBUTES = (CodeSignOnCopy, RemoveHeadersOnCopy, ); }; };
		C8B9802423ADA49C0024A48E /* AWSSNS.framework in Frameworks */ = {isa = PBXBuildFile; fileRef = C8B9801D23AD9F830024A48E /* AWSSNS.framework */; };
		C8B9802523ADA49C0024A48E /* AWSSNS.framework in Embed Frameworks */ = {isa = PBXBuildFile; fileRef = C8B9801D23AD9F830024A48E /* AWSSNS.framework */; settings = {ATTRIBUTES = (CodeSignOnCopy, RemoveHeadersOnCopy, ); }; };
		C8B9802823AEB55C0024A48E /* BroadcastDetails.swift in Sources */ = {isa = PBXBuildFile; fileRef = C8B9802723AEB55C0024A48E /* BroadcastDetails.swift */; };
		C8DF3EEC23763BC200F8AFFA /* GoogleService-Info.plist in Resources */ = {isa = PBXBuildFile; fileRef = C8DF3EEB23763BC100F8AFFA /* GoogleService-Info.plist */; };
		D05A9294236136E700EB0186 /* GlobeViewController.swift in Sources */ = {isa = PBXBuildFile; fileRef = D05A9293236136E700EB0186 /* GlobeViewController.swift */; };
		D0BA721C235CDC300049913D /* AppDelegate.swift in Sources */ = {isa = PBXBuildFile; fileRef = D0BA721B235CDC300049913D /* AppDelegate.swift */; };
		D0BA721E235CDC300049913D /* SceneDelegate.swift in Sources */ = {isa = PBXBuildFile; fileRef = D0BA721D235CDC300049913D /* SceneDelegate.swift */; };
		D0BA7220235CDC300049913D /* ViewController.swift in Sources */ = {isa = PBXBuildFile; fileRef = D0BA721F235CDC300049913D /* ViewController.swift */; };
		D0BA7223235CDC300049913D /* Main.storyboard in Resources */ = {isa = PBXBuildFile; fileRef = D0BA7221235CDC300049913D /* Main.storyboard */; };
		D0BA7225235CDC310049913D /* Assets.xcassets in Resources */ = {isa = PBXBuildFile; fileRef = D0BA7224235CDC310049913D /* Assets.xcassets */; };
		D0BA7228235CDC310049913D /* LaunchScreen.storyboard in Resources */ = {isa = PBXBuildFile; fileRef = D0BA7226235CDC310049913D /* LaunchScreen.storyboard */; };
		D0BA7232235CE54E0049913D /* BreathVisualizationView.swift in Sources */ = {isa = PBXBuildFile; fileRef = D0BA7231235CE54E0049913D /* BreathVisualizationView.swift */; };
		D0BA7235235CE5990049913D /* BreathVisualizationView.xib in Resources */ = {isa = PBXBuildFile; fileRef = D0BA7234235CE5990049913D /* BreathVisualizationView.xib */; };
		D0BA7237235CF4B00049913D /* Extensions.swift in Sources */ = {isa = PBXBuildFile; fileRef = D0BA7236235CF4B00049913D /* Extensions.swift */; };
		D0BA7239235D150D0049913D /* BreathAnimator.swift in Sources */ = {isa = PBXBuildFile; fileRef = D0BA7238235D150D0049913D /* BreathAnimator.swift */; };
		D0BA723B235D19800049913D /* DisplayLink.swift in Sources */ = {isa = PBXBuildFile; fileRef = D0BA723A235D19800049913D /* DisplayLink.swift */; };
		D0BA723E235FE4A40049913D /* IntroAnimator.swift in Sources */ = {isa = PBXBuildFile; fileRef = D0BA723D235FE4A40049913D /* IntroAnimator.swift */; };
		D0BA7240235FF3830049913D /* AnimatorOrchestrator.swift in Sources */ = {isa = PBXBuildFile; fileRef = D0BA723F235FF3830049913D /* AnimatorOrchestrator.swift */; };
		D0F22A3623660AC5004FA68E /* HapticGenerator.swift in Sources */ = {isa = PBXBuildFile; fileRef = D0F22A3523660AC5004FA68E /* HapticGenerator.swift */; };
/* End PBXBuildFile section */

/* Begin PBXCopyFilesBuildPhase section */
		C8B9802123ADA4980024A48E /* Embed Frameworks */ = {
			isa = PBXCopyFilesBuildPhase;
			buildActionMask = 2147483647;
			dstPath = "";
			dstSubfolderSpec = 10;
			files = (
				C8B9802023ADA4980024A48E /* AWSCognito.framework in Embed Frameworks */,
				C8B9802523ADA49C0024A48E /* AWSSNS.framework in Embed Frameworks */,
				C8B9802323ADA49A0024A48E /* AWSCore.framework in Embed Frameworks */,
			);
			name = "Embed Frameworks";
			runOnlyForDeploymentPostprocessing = 0;
		};
		C8DF3EE22374ED6C00F8AFFA /* Embed Watch Content */ = {
			isa = PBXCopyFilesBuildPhase;
			buildActionMask = 2147483647;
			dstPath = "$(CONTENTS_FOLDER_PATH)/Watch";
			dstSubfolderSpec = 16;
			files = (
			);
			name = "Embed Watch Content";
			runOnlyForDeploymentPostprocessing = 0;
		};
/* End PBXCopyFilesBuildPhase section */

/* Begin PBXFileReference section */
		6765813D6D710DD5FDA9E276 /* Pods-OneBreath.release.xcconfig */ = {isa = PBXFileReference; includeInIndex = 1; lastKnownFileType = text.xcconfig; name = "Pods-OneBreath.release.xcconfig"; path = "Target Support Files/Pods-OneBreath/Pods-OneBreath.release.xcconfig"; sourceTree = "<group>"; };
		BBB367DAA01C61931DE4FAEB /* Pods-OneBreath.debug.xcconfig */ = {isa = PBXFileReference; includeInIndex = 1; lastKnownFileType = text.xcconfig; name = "Pods-OneBreath.debug.xcconfig"; path = "Target Support Files/Pods-OneBreath/Pods-OneBreath.debug.xcconfig"; sourceTree = "<group>"; };
		C82C6CE5239DDFB800580339 /* ProgressView.xib */ = {isa = PBXFileReference; lastKnownFileType = file.xib; path = ProgressView.xib; sourceTree = "<group>"; };
		C82C6CE7239DDFC500580339 /* ProgressView.swift */ = {isa = PBXFileReference; lastKnownFileType = sourcecode.swift; path = ProgressView.swift; sourceTree = "<group>"; };
		C85F34A92399D8090099DCBF /* Networker.swift */ = {isa = PBXFileReference; lastKnownFileType = sourcecode.swift; path = Networker.swift; sourceTree = "<group>"; };
		C86ABB0C23809F1400D3DA01 /* satellite.mbtiles */ = {isa = PBXFileReference; lastKnownFileType = file; path = satellite.mbtiles; sourceTree = "<group>"; };
		C8731A08236C8D9700693A52 /* PostBreathingView.swift */ = {isa = PBXFileReference; fileEncoding = 4; lastKnownFileType = sourcecode.swift; path = PostBreathingView.swift; sourceTree = "<group>"; };
		C8731A0A236C8E1B00693A52 /* PostBreathingView.xib */ = {isa = PBXFileReference; fileEncoding = 4; lastKnownFileType = file.xib; path = PostBreathingView.xib; sourceTree = "<group>"; };
		C877C55F23AC1F7F002EE9A7 /* BambuserPlayerView.swift */ = {isa = PBXFileReference; lastKnownFileType = sourcecode.swift; path = BambuserPlayerView.swift; sourceTree = "<group>"; };
		C877C58523AC563A002EE9A7 /* Breatholution.entitlements */ = {isa = PBXFileReference; lastKnownFileType = text.plist.entitlements; path = Breatholution.entitlements; sourceTree = "<group>"; };
		C8B5918423A6F56400BF0DA0 /* AudioManager.swift */ = {isa = PBXFileReference; lastKnownFileType = sourcecode.swift; path = AudioManager.swift; sourceTree = "<group>"; };
		C8B5918823A6FAE400BF0DA0 /* welcome.m4a */ = {isa = PBXFileReference; lastKnownFileType = file; path = welcome.m4a; sourceTree = "<group>"; };
		C8B5918B23A6FAF700BF0DA0 /* setIntention.m4a */ = {isa = PBXFileReference; lastKnownFileType = file; path = setIntention.m4a; sourceTree = "<group>"; };
		C8B5918D23A6FAFF00BF0DA0 /* still.m4a */ = {isa = PBXFileReference; lastKnownFileType = file; path = still.m4a; sourceTree = "<group>"; };
		C8B9801923AD9F6C0024A48E /* AWSCognito.framework */ = {isa = PBXFileReference; lastKnownFileType = wrapper.framework; path = AWSCognito.framework; sourceTree = "<group>"; };
		C8B9801B23AD9F780024A48E /* AWSCore.framework */ = {isa = PBXFileReference; lastKnownFileType = wrapper.framework; path = AWSCore.framework; sourceTree = "<group>"; };
		C8B9801D23AD9F830024A48E /* AWSSNS.framework */ = {isa = PBXFileReference; lastKnownFileType = wrapper.framework; path = AWSSNS.framework; sourceTree = "<group>"; };
		C8B9802723AEB55C0024A48E /* BroadcastDetails.swift */ = {isa = PBXFileReference; lastKnownFileType = sourcecode.swift; path = BroadcastDetails.swift; sourceTree = "<group>"; };
		C8DF3EEB23763BC100F8AFFA /* GoogleService-Info.plist */ = {isa = PBXFileReference; fileEncoding = 4; lastKnownFileType = text.plist.xml; path = "GoogleService-Info.plist"; sourceTree = "<group>"; };
		D05A9293236136E700EB0186 /* GlobeViewController.swift */ = {isa = PBXFileReference; lastKnownFileType = sourcecode.swift; path = GlobeViewController.swift; sourceTree = "<group>"; };
		D05A92952361376800EB0186 /* OneBreath-Bridging-Header.h */ = {isa = PBXFileReference; lastKnownFileType = sourcecode.c.h; path = "OneBreath-Bridging-Header.h"; sourceTree = "<group>"; };
		D0BA7218235CDC300049913D /* Breatholution.app */ = {isa = PBXFileReference; explicitFileType = wrapper.application; includeInIndex = 0; path = Breatholution.app; sourceTree = BUILT_PRODUCTS_DIR; };
		D0BA721B235CDC300049913D /* AppDelegate.swift */ = {isa = PBXFileReference; lastKnownFileType = sourcecode.swift; path = AppDelegate.swift; sourceTree = "<group>"; };
		D0BA721D235CDC300049913D /* SceneDelegate.swift */ = {isa = PBXFileReference; lastKnownFileType = sourcecode.swift; path = SceneDelegate.swift; sourceTree = "<group>"; };
		D0BA721F235CDC300049913D /* ViewController.swift */ = {isa = PBXFileReference; lastKnownFileType = sourcecode.swift; path = ViewController.swift; sourceTree = "<group>"; };
		D0BA7222235CDC300049913D /* Base */ = {isa = PBXFileReference; lastKnownFileType = file.storyboard; name = Base; path = Base.lproj/Main.storyboard; sourceTree = "<group>"; };
		D0BA7224235CDC310049913D /* Assets.xcassets */ = {isa = PBXFileReference; lastKnownFileType = folder.assetcatalog; path = Assets.xcassets; sourceTree = "<group>"; };
		D0BA7227235CDC310049913D /* Base */ = {isa = PBXFileReference; lastKnownFileType = file.storyboard; name = Base; path = Base.lproj/LaunchScreen.storyboard; sourceTree = "<group>"; };
		D0BA7229235CDC310049913D /* Info.plist */ = {isa = PBXFileReference; lastKnownFileType = text.plist.xml; path = Info.plist; sourceTree = "<group>"; };
		D0BA7231235CE54E0049913D /* BreathVisualizationView.swift */ = {isa = PBXFileReference; lastKnownFileType = sourcecode.swift; path = BreathVisualizationView.swift; sourceTree = "<group>"; };
		D0BA7234235CE5990049913D /* BreathVisualizationView.xib */ = {isa = PBXFileReference; lastKnownFileType = file.xib; path = BreathVisualizationView.xib; sourceTree = "<group>"; };
		D0BA7236235CF4B00049913D /* Extensions.swift */ = {isa = PBXFileReference; lastKnownFileType = sourcecode.swift; path = Extensions.swift; sourceTree = "<group>"; };
		D0BA7238235D150D0049913D /* BreathAnimator.swift */ = {isa = PBXFileReference; lastKnownFileType = sourcecode.swift; path = BreathAnimator.swift; sourceTree = "<group>"; };
		D0BA723A235D19800049913D /* DisplayLink.swift */ = {isa = PBXFileReference; lastKnownFileType = sourcecode.swift; path = DisplayLink.swift; sourceTree = "<group>"; };
		D0BA723D235FE4A40049913D /* IntroAnimator.swift */ = {isa = PBXFileReference; lastKnownFileType = sourcecode.swift; path = IntroAnimator.swift; sourceTree = "<group>"; };
		D0BA723F235FF3830049913D /* AnimatorOrchestrator.swift */ = {isa = PBXFileReference; lastKnownFileType = sourcecode.swift; path = AnimatorOrchestrator.swift; sourceTree = "<group>"; };
		D0F22A3523660AC5004FA68E /* HapticGenerator.swift */ = {isa = PBXFileReference; lastKnownFileType = sourcecode.swift; path = HapticGenerator.swift; sourceTree = "<group>"; };
		E50B63294E420107016F8AE2 /* libPods-OneBreath.a */ = {isa = PBXFileReference; explicitFileType = archive.ar; includeInIndex = 0; path = "libPods-OneBreath.a"; sourceTree = BUILT_PRODUCTS_DIR; };
/* End PBXFileReference section */

/* Begin PBXFrameworksBuildPhase section */
		D0BA7215235CDC300049913D /* Frameworks */ = {
			isa = PBXFrameworksBuildPhase;
			buildActionMask = 2147483647;
			files = (
				509F07EB4BF23A42A21035E4 /* libPods-OneBreath.a in Frameworks */,
				C8B9802223ADA49A0024A48E /* AWSCore.framework in Frameworks */,
				C8B9801F23ADA4980024A48E /* AWSCognito.framework in Frameworks */,
				C8B9802423ADA49C0024A48E /* AWSSNS.framework in Frameworks */,
			);
			runOnlyForDeploymentPostprocessing = 0;
		};
/* End PBXFrameworksBuildPhase section */

/* Begin PBXGroup section */
		361E496426820ECCEFC305D1 /* Frameworks */ = {
			isa = PBXGroup;
			children = (
				C8B9801D23AD9F830024A48E /* AWSSNS.framework */,
				C8B9801B23AD9F780024A48E /* AWSCore.framework */,
				C8B9801923AD9F6C0024A48E /* AWSCognito.framework */,
				E50B63294E420107016F8AE2 /* libPods-OneBreath.a */,
			);
			name = Frameworks;
			sourceTree = "<group>";
		};
		6304E5E0BD7A26FE0EC5E9E7 /* Pods */ = {
			isa = PBXGroup;
			children = (
				BBB367DAA01C61931DE4FAEB /* Pods-OneBreath.debug.xcconfig */,
				6765813D6D710DD5FDA9E276 /* Pods-OneBreath.release.xcconfig */,
			);
			path = Pods;
			sourceTree = "<group>";
		};
		C8B5918A23A6FAEA00BF0DA0 /* Sounds */ = {
			isa = PBXGroup;
			children = (
				C8B5918823A6FAE400BF0DA0 /* welcome.m4a */,
				C8B5918B23A6FAF700BF0DA0 /* setIntention.m4a */,
				C8B5918D23A6FAFF00BF0DA0 /* still.m4a */,
			);
			path = Sounds;
			sourceTree = "<group>";
		};
		C8B9802623AEB5350024A48E /* Models */ = {
			isa = PBXGroup;
			children = (
				C8B9802723AEB55C0024A48E /* BroadcastDetails.swift */,
			);
			path = Models;
			sourceTree = "<group>";
		};
		D05A92982361379E00EB0186 /* View Controllers */ = {
			isa = PBXGroup;
			children = (
				D0BA721F235CDC300049913D /* ViewController.swift */,
				D05A9293236136E700EB0186 /* GlobeViewController.swift */,
			);
			path = "View Controllers";
			sourceTree = "<group>";
		};
		D0BA720F235CDC300049913D = {
			isa = PBXGroup;
			children = (
				D0BA721A235CDC300049913D /* OneBreath */,
				D0BA7219235CDC300049913D /* Products */,
				6304E5E0BD7A26FE0EC5E9E7 /* Pods */,
				361E496426820ECCEFC305D1 /* Frameworks */,
			);
			sourceTree = "<group>";
		};
		D0BA7219235CDC300049913D /* Products */ = {
			isa = PBXGroup;
			children = (
				D0BA7218235CDC300049913D /* Breatholution.app */,
			);
			name = Products;
			sourceTree = "<group>";
		};
		D0BA721A235CDC300049913D /* OneBreath */ = {
			isa = PBXGroup;
			children = (
				C877C58523AC563A002EE9A7 /* Breatholution.entitlements */,
				D05A92982361379E00EB0186 /* View Controllers */,
				D0BA7233235CE56E0049913D /* Views */,
				D0BA723C235D39E80049913D /* Controllers */,
				C8B9802623AEB5350024A48E /* Models */,
				D0BA721B235CDC300049913D /* AppDelegate.swift */,
				D0BA721D235CDC300049913D /* SceneDelegate.swift */,
				D0BA7221235CDC300049913D /* Main.storyboard */,
				D0BA7224235CDC310049913D /* Assets.xcassets */,
				D0BA7226235CDC310049913D /* LaunchScreen.storyboard */,
				D0BA7229235CDC310049913D /* Info.plist */,
				C8DF3EEB23763BC100F8AFFA /* GoogleService-Info.plist */,
				D0BA7236235CF4B00049913D /* Extensions.swift */,
				D05A92952361376800EB0186 /* OneBreath-Bridging-Header.h */,
				C8B5918A23A6FAEA00BF0DA0 /* Sounds */,
				C86ABB0C23809F1400D3DA01 /* satellite.mbtiles */,
				D0F22A2F23614632004FA68E /* Resources */,
			);
			path = OneBreath;
			sourceTree = "<group>";
		};
		D0BA7233235CE56E0049913D /* Views */ = {
			isa = PBXGroup;
			children = (
				C8731A08236C8D9700693A52 /* PostBreathingView.swift */,
				C8731A0A236C8E1B00693A52 /* PostBreathingView.xib */,
				D0BA7231235CE54E0049913D /* BreathVisualizationView.swift */,
				D0BA7234235CE5990049913D /* BreathVisualizationView.xib */,
				C82C6CE7239DDFC500580339 /* ProgressView.swift */,
				C82C6CE5239DDFB800580339 /* ProgressView.xib */,
				C877C55F23AC1F7F002EE9A7 /* BambuserPlayerView.swift */,
			);
			path = Views;
			sourceTree = "<group>";
		};
		D0BA723C235D39E80049913D /* Controllers */ = {
			isa = PBXGroup;
			children = (
				D0BA723F235FF3830049913D /* AnimatorOrchestrator.swift */,
				D0BA7238235D150D0049913D /* BreathAnimator.swift */,
				D0BA723D235FE4A40049913D /* IntroAnimator.swift */,
				D0BA723A235D19800049913D /* DisplayLink.swift */,
				D0F22A3523660AC5004FA68E /* HapticGenerator.swift */,
				C85F34A92399D8090099DCBF /* Networker.swift */,
				C8B5918423A6F56400BF0DA0 /* AudioManager.swift */,
			);
			path = Controllers;
			sourceTree = "<group>";
		};
		D0F22A2F23614632004FA68E /* Resources */ = {
			isa = PBXGroup;
			children = (
			);
			path = Resources;
			sourceTree = "<group>";
		};
/* End PBXGroup section */

/* Begin PBXNativeTarget section */
		D0BA7217235CDC300049913D /* OneBreath */ = {
			isa = PBXNativeTarget;
			buildConfigurationList = D0BA722C235CDC310049913D /* Build configuration list for PBXNativeTarget "OneBreath" */;
			buildPhases = (
				EFF5A4FE5983266C99971A5D /* [CP] Check Pods Manifest.lock */,
				D0BA7214235CDC300049913D /* Sources */,
				D0BA7215235CDC300049913D /* Frameworks */,
				D0BA7216235CDC300049913D /* Resources */,
				524B658B2102E22934C0CC05 /* [CP] Copy Pods Resources */,
				C8DF3EE22374ED6C00F8AFFA /* Embed Watch Content */,
				C8B9802123ADA4980024A48E /* Embed Frameworks */,
				C8C418C423C6C066000B6D51 /* ShellScript */,
			);
			buildRules = (
			);
			dependencies = (
			);
			name = OneBreath;
			productName = OneBreath;
			productReference = D0BA7218235CDC300049913D /* Breatholution.app */;
			productType = "com.apple.product-type.application";
		};
/* End PBXNativeTarget section */

/* Begin PBXProject section */
		D0BA7210235CDC300049913D /* Project object */ = {
			isa = PBXProject;
			attributes = {
				LastSwiftUpdateCheck = 1120;
				LastUpgradeCheck = 1110;
				ORGANIZATIONNAME = One;
				TargetAttributes = {
					D0BA7217235CDC300049913D = {
						CreatedOnToolsVersion = 11.1;
						LastSwiftMigration = 1110;
					};
				};
			};
			buildConfigurationList = D0BA7213235CDC300049913D /* Build configuration list for PBXProject "OneBreath" */;
			compatibilityVersion = "Xcode 9.3";
			developmentRegion = en;
			hasScannedForEncodings = 0;
			knownRegions = (
				en,
				Base,
			);
			mainGroup = D0BA720F235CDC300049913D;
			productRefGroup = D0BA7219235CDC300049913D /* Products */;
			projectDirPath = "";
			projectRoot = "";
			targets = (
				D0BA7217235CDC300049913D /* OneBreath */,
			);
		};
/* End PBXProject section */

/* Begin PBXResourcesBuildPhase section */
		D0BA7216235CDC300049913D /* Resources */ = {
			isa = PBXResourcesBuildPhase;
			buildActionMask = 2147483647;
			files = (
				D0BA7228235CDC310049913D /* LaunchScreen.storyboard in Resources */,
				C82C6CE6239DDFB800580339 /* ProgressView.xib in Resources */,
				C8731A0B236C8E1B00693A52 /* PostBreathingView.xib in Resources */,
				D0BA7225235CDC310049913D /* Assets.xcassets in Resources */,
				D0BA7223235CDC300049913D /* Main.storyboard in Resources */,
				D0BA7235235CE5990049913D /* BreathVisualizationView.xib in Resources */,
				C8DF3EEC23763BC200F8AFFA /* GoogleService-Info.plist in Resources */,
			);
			runOnlyForDeploymentPostprocessing = 0;
		};
/* End PBXResourcesBuildPhase section */

/* Begin PBXShellScriptBuildPhase section */
		524B658B2102E22934C0CC05 /* [CP] Copy Pods Resources */ = {
			isa = PBXShellScriptBuildPhase;
			buildActionMask = 2147483647;
			files = (
			);
			inputFileListPaths = (
				"${PODS_ROOT}/Target Support Files/Pods-OneBreath/Pods-OneBreath-resources-${CONFIGURATION}-input-files.xcfilelist",
			);
			name = "[CP] Copy Pods Resources";
			outputFileListPaths = (
				"${PODS_ROOT}/Target Support Files/Pods-OneBreath/Pods-OneBreath-resources-${CONFIGURATION}-output-files.xcfilelist",
			);
			runOnlyForDeploymentPostprocessing = 0;
			shellPath = /bin/sh;
			shellScript = "\"${PODS_ROOT}/Target Support Files/Pods-OneBreath/Pods-OneBreath-resources.sh\"\n";
			showEnvVarsInLog = 0;
		};
		C8C418C423C6C066000B6D51 /* ShellScript */ = {
			isa = PBXShellScriptBuildPhase;
			buildActionMask = 2147483647;
			files = (
			);
			inputFileListPaths = (
			);
			inputPaths = (
			);
			outputFileListPaths = (
			);
			outputPaths = (
			);
			runOnlyForDeploymentPostprocessing = 0;
			shellPath = /bin/sh;
			shellScript = "# Type a script or drag a script file from your workspace to insert its path.\n# skip if we run in debug\nif [ \"$CONFIGURATION\" == \"Debug\" ]; then\necho \"Skip frameworks cleaning in debug version\"\nexit 0\nfi\n\nAPP_PATH=\"${TARGET_BUILD_DIR}/${WRAPPER_NAME}\"\n\n# This script loops through the frameworks embedded in the application and\n# removes unused architectures.\nfind \"$APP_PATH\" -name '*.framework' -type d | while read -r FRAMEWORK\ndo\nFRAMEWORK_EXECUTABLE_NAME=$(defaults read \"$FRAMEWORK/Info.plist\" CFBundleExecutable)\nFRAMEWORK_EXECUTABLE_PATH=\"$FRAMEWORK/$FRAMEWORK_EXECUTABLE_NAME\"\necho \"Executable is $FRAMEWORK_EXECUTABLE_PATH\"\n\nEXTRACTED_ARCHS=()\n\nfor ARCH in $ARCHS\ndo\necho \"Extracting $ARCH from $FRAMEWORK_EXECUTABLE_NAME\"\nlipo -extract \"$ARCH\" \"$FRAMEWORK_EXECUTABLE_PATH\" -o \"$FRAMEWORK_EXECUTABLE_PATH-$ARCH\"\nEXTRACTED_ARCHS+=(\"$FRAMEWORK_EXECUTABLE_PATH-$ARCH\")\ndone\n\necho \"Merging extracted architectures: ${ARCHS}\"\nlipo -o \"$FRAMEWORK_EXECUTABLE_PATH-merged\" -create \"${EXTRACTED_ARCHS[@]}\"\nrm \"${EXTRACTED_ARCHS[@]}\"\n\necho \"Replacing original executable with thinned version\"\nrm \"$FRAMEWORK_EXECUTABLE_PATH\"\nmv \"$FRAMEWORK_EXECUTABLE_PATH-merged\" \"$FRAMEWORK_EXECUTABLE_PATH\"\n\ndone\n";
		};
		EFF5A4FE5983266C99971A5D /* [CP] Check Pods Manifest.lock */ = {
			isa = PBXShellScriptBuildPhase;
			buildActionMask = 2147483647;
			files = (
			);
			inputFileListPaths = (
			);
			inputPaths = (
				"${PODS_PODFILE_DIR_PATH}/Podfile.lock",
				"${PODS_ROOT}/Manifest.lock",
			);
			name = "[CP] Check Pods Manifest.lock";
			outputFileListPaths = (
			);
			outputPaths = (
				"$(DERIVED_FILE_DIR)/Pods-OneBreath-checkManifestLockResult.txt",
			);
			runOnlyForDeploymentPostprocessing = 0;
			shellPath = /bin/sh;
			shellScript = "diff \"${PODS_PODFILE_DIR_PATH}/Podfile.lock\" \"${PODS_ROOT}/Manifest.lock\" > /dev/null\nif [ $? != 0 ] ; then\n    # print error to STDERR\n    echo \"error: The sandbox is not in sync with the Podfile.lock. Run 'pod install' or update your CocoaPods installation.\" >&2\n    exit 1\nfi\n# This output is used by Xcode 'outputs' to avoid re-running this script phase.\necho \"SUCCESS\" > \"${SCRIPT_OUTPUT_FILE_0}\"\n";
			showEnvVarsInLog = 0;
		};
/* End PBXShellScriptBuildPhase section */

/* Begin PBXSourcesBuildPhase section */
		D0BA7214235CDC300049913D /* Sources */ = {
			isa = PBXSourcesBuildPhase;
			buildActionMask = 2147483647;
			files = (
				D0BA7237235CF4B00049913D /* Extensions.swift in Sources */,
				D0BA723B235D19800049913D /* DisplayLink.swift in Sources */,
				D0BA7220235CDC300049913D /* ViewController.swift in Sources */,
				C8B5918523A6F56400BF0DA0 /* AudioManager.swift in Sources */,
				C8731A09236C8D9800693A52 /* PostBreathingView.swift in Sources */,
				D0F22A3623660AC5004FA68E /* HapticGenerator.swift in Sources */,
				D0BA7239235D150D0049913D /* BreathAnimator.swift in Sources */,
				C8B9802823AEB55C0024A48E /* BroadcastDetails.swift in Sources */,
				D0BA721C235CDC300049913D /* AppDelegate.swift in Sources */,
				D0BA723E235FE4A40049913D /* IntroAnimator.swift in Sources */,
				D05A9294236136E700EB0186 /* GlobeViewController.swift in Sources */,
				D0BA721E235CDC300049913D /* SceneDelegate.swift in Sources */,
				D0BA7232235CE54E0049913D /* BreathVisualizationView.swift in Sources */,
				C877C56023AC1F7F002EE9A7 /* BambuserPlayerView.swift in Sources */,
				C82C6CE8239DDFC500580339 /* ProgressView.swift in Sources */,
				D0BA7240235FF3830049913D /* AnimatorOrchestrator.swift in Sources */,
				C85F34AA2399D8090099DCBF /* Networker.swift in Sources */,
			);
			runOnlyForDeploymentPostprocessing = 0;
		};
/* End PBXSourcesBuildPhase section */

/* Begin PBXVariantGroup section */
		D0BA7221235CDC300049913D /* Main.storyboard */ = {
			isa = PBXVariantGroup;
			children = (
				D0BA7222235CDC300049913D /* Base */,
			);
			name = Main.storyboard;
			sourceTree = "<group>";
		};
		D0BA7226235CDC310049913D /* LaunchScreen.storyboard */ = {
			isa = PBXVariantGroup;
			children = (
				D0BA7227235CDC310049913D /* Base */,
			);
			name = LaunchScreen.storyboard;
			sourceTree = "<group>";
		};
/* End PBXVariantGroup section */

/* Begin XCBuildConfiguration section */
		D0BA722A235CDC310049913D /* Debug */ = {
			isa = XCBuildConfiguration;
			buildSettings = {
				ALWAYS_SEARCH_USER_PATHS = NO;
				CLANG_ANALYZER_NONNULL = YES;
				CLANG_ANALYZER_NUMBER_OBJECT_CONVERSION = YES_AGGRESSIVE;
				CLANG_CXX_LANGUAGE_STANDARD = "gnu++14";
				CLANG_CXX_LIBRARY = "libc++";
				CLANG_ENABLE_MODULES = YES;
				CLANG_ENABLE_OBJC_ARC = YES;
				CLANG_ENABLE_OBJC_WEAK = YES;
				CLANG_WARN_BLOCK_CAPTURE_AUTORELEASING = YES;
				CLANG_WARN_BOOL_CONVERSION = YES;
				CLANG_WARN_COMMA = YES;
				CLANG_WARN_CONSTANT_CONVERSION = YES;
				CLANG_WARN_DEPRECATED_OBJC_IMPLEMENTATIONS = YES;
				CLANG_WARN_DIRECT_OBJC_ISA_USAGE = YES_ERROR;
				CLANG_WARN_DOCUMENTATION_COMMENTS = YES;
				CLANG_WARN_EMPTY_BODY = YES;
				CLANG_WARN_ENUM_CONVERSION = YES;
				CLANG_WARN_INFINITE_RECURSION = YES;
				CLANG_WARN_INT_CONVERSION = YES;
				CLANG_WARN_NON_LITERAL_NULL_CONVERSION = YES;
				CLANG_WARN_OBJC_IMPLICIT_RETAIN_SELF = YES;
				CLANG_WARN_OBJC_LITERAL_CONVERSION = YES;
				CLANG_WARN_OBJC_ROOT_CLASS = YES_ERROR;
				CLANG_WARN_RANGE_LOOP_ANALYSIS = YES;
				CLANG_WARN_STRICT_PROTOTYPES = YES;
				CLANG_WARN_SUSPICIOUS_MOVE = YES;
				CLANG_WARN_UNGUARDED_AVAILABILITY = YES_AGGRESSIVE;
				CLANG_WARN_UNREACHABLE_CODE = YES;
				CLANG_WARN__DUPLICATE_METHOD_MATCH = YES;
				COPY_PHASE_STRIP = NO;
				DEBUG_INFORMATION_FORMAT = dwarf;
				ENABLE_STRICT_OBJC_MSGSEND = YES;
				ENABLE_TESTABILITY = YES;
				GCC_C_LANGUAGE_STANDARD = gnu11;
				GCC_DYNAMIC_NO_PIC = NO;
				GCC_NO_COMMON_BLOCKS = YES;
				GCC_OPTIMIZATION_LEVEL = 0;
				GCC_PREPROCESSOR_DEFINITIONS = (
					"DEBUG=1",
					"$(inherited)",
				);
				GCC_WARN_64_TO_32_BIT_CONVERSION = YES;
				GCC_WARN_ABOUT_RETURN_TYPE = YES_ERROR;
				GCC_WARN_UNDECLARED_SELECTOR = YES;
				GCC_WARN_UNINITIALIZED_AUTOS = YES_AGGRESSIVE;
				GCC_WARN_UNUSED_FUNCTION = YES;
				GCC_WARN_UNUSED_VARIABLE = YES;
				IPHONEOS_DEPLOYMENT_TARGET = 13.1;
				MTL_ENABLE_DEBUG_INFO = INCLUDE_SOURCE;
				MTL_FAST_MATH = YES;
				ONLY_ACTIVE_ARCH = YES;
				SDKROOT = iphoneos;
				SWIFT_ACTIVE_COMPILATION_CONDITIONS = DEBUG;
				SWIFT_OPTIMIZATION_LEVEL = "-Onone";
			};
			name = Debug;
		};
		D0BA722B235CDC310049913D /* Release */ = {
			isa = XCBuildConfiguration;
			buildSettings = {
				ALWAYS_SEARCH_USER_PATHS = NO;
				CLANG_ANALYZER_NONNULL = YES;
				CLANG_ANALYZER_NUMBER_OBJECT_CONVERSION = YES_AGGRESSIVE;
				CLANG_CXX_LANGUAGE_STANDARD = "gnu++14";
				CLANG_CXX_LIBRARY = "libc++";
				CLANG_ENABLE_MODULES = YES;
				CLANG_ENABLE_OBJC_ARC = YES;
				CLANG_ENABLE_OBJC_WEAK = YES;
				CLANG_WARN_BLOCK_CAPTURE_AUTORELEASING = YES;
				CLANG_WARN_BOOL_CONVERSION = YES;
				CLANG_WARN_COMMA = YES;
				CLANG_WARN_CONSTANT_CONVERSION = YES;
				CLANG_WARN_DEPRECATED_OBJC_IMPLEMENTATIONS = YES;
				CLANG_WARN_DIRECT_OBJC_ISA_USAGE = YES_ERROR;
				CLANG_WARN_DOCUMENTATION_COMMENTS = YES;
				CLANG_WARN_EMPTY_BODY = YES;
				CLANG_WARN_ENUM_CONVERSION = YES;
				CLANG_WARN_INFINITE_RECURSION = YES;
				CLANG_WARN_INT_CONVERSION = YES;
				CLANG_WARN_NON_LITERAL_NULL_CONVERSION = YES;
				CLANG_WARN_OBJC_IMPLICIT_RETAIN_SELF = YES;
				CLANG_WARN_OBJC_LITERAL_CONVERSION = YES;
				CLANG_WARN_OBJC_ROOT_CLASS = YES_ERROR;
				CLANG_WARN_RANGE_LOOP_ANALYSIS = YES;
				CLANG_WARN_STRICT_PROTOTYPES = YES;
				CLANG_WARN_SUSPICIOUS_MOVE = YES;
				CLANG_WARN_UNGUARDED_AVAILABILITY = YES_AGGRESSIVE;
				CLANG_WARN_UNREACHABLE_CODE = YES;
				CLANG_WARN__DUPLICATE_METHOD_MATCH = YES;
				COPY_PHASE_STRIP = NO;
				DEBUG_INFORMATION_FORMAT = "dwarf-with-dsym";
				ENABLE_NS_ASSERTIONS = NO;
				ENABLE_STRICT_OBJC_MSGSEND = YES;
				GCC_C_LANGUAGE_STANDARD = gnu11;
				GCC_NO_COMMON_BLOCKS = YES;
				GCC_WARN_64_TO_32_BIT_CONVERSION = YES;
				GCC_WARN_ABOUT_RETURN_TYPE = YES_ERROR;
				GCC_WARN_UNDECLARED_SELECTOR = YES;
				GCC_WARN_UNINITIALIZED_AUTOS = YES_AGGRESSIVE;
				GCC_WARN_UNUSED_FUNCTION = YES;
				GCC_WARN_UNUSED_VARIABLE = YES;
				IPHONEOS_DEPLOYMENT_TARGET = 13.1;
				MTL_ENABLE_DEBUG_INFO = NO;
				MTL_FAST_MATH = YES;
				SDKROOT = iphoneos;
				SWIFT_COMPILATION_MODE = wholemodule;
				SWIFT_OPTIMIZATION_LEVEL = "-O";
				VALIDATE_PRODUCT = YES;
			};
			name = Release;
		};
		D0BA722D235CDC310049913D /* Debug */ = {
			isa = XCBuildConfiguration;
			baseConfigurationReference = BBB367DAA01C61931DE4FAEB /* Pods-OneBreath.debug.xcconfig */;
			buildSettings = {
				ASSETCATALOG_COMPILER_APPICON_NAME = AppIcon;
				CLANG_ENABLE_MODULES = YES;
				CODE_SIGN_ENTITLEMENTS = OneBreath/Breatholution.entitlements;
				CODE_SIGN_IDENTITY = "Apple Development";
				CODE_SIGN_STYLE = Automatic;
				CURRENT_PROJECT_VERSION = 1;
				DEVELOPMENT_TEAM = A57KTL95E8;
				FRAMEWORK_SEARCH_PATHS = (
					"$(inherited)",
					"$(PROJECT_DIR)",
				);
				INFOPLIST_FILE = OneBreath/Info.plist;
				IPHONEOS_DEPLOYMENT_TARGET = 13.0;
				LD_RUNPATH_SEARCH_PATHS = (
					"$(inherited)",
					"@executable_path/Frameworks",
				);
				LIBRARY_SEARCH_PATHS = (
					"$(inherited)",
					"$(PROJECT_DIR)/libbambuser/lib",
				);
				MARKETING_VERSION = 0.11;
				PRODUCT_BUNDLE_IDENTIFIER = com.breatholution.the;
				PRODUCT_NAME = Breatholution;
				PROVISIONING_PROFILE_SPECIFIER = "";
				SWIFT_OBJC_BRIDGING_HEADER = "OneBreath/OneBreath-Bridging-Header.h";
				SWIFT_OPTIMIZATION_LEVEL = "-Onone";
				SWIFT_VERSION = 5.0;
				TARGETED_DEVICE_FAMILY = "1,2";
			};
			name = Debug;
		};
		D0BA722E235CDC310049913D /* Release */ = {
			isa = XCBuildConfiguration;
			baseConfigurationReference = 6765813D6D710DD5FDA9E276 /* Pods-OneBreath.release.xcconfig */;
			buildSettings = {
				ASSETCATALOG_COMPILER_APPICON_NAME = AppIcon;
				CLANG_ENABLE_MODULES = YES;
				CODE_SIGN_ENTITLEMENTS = OneBreath/Breatholution.entitlements;
				CODE_SIGN_IDENTITY = "Apple Development";
				CODE_SIGN_STYLE = Automatic;
				CURRENT_PROJECT_VERSION = 1;
				DEVELOPMENT_TEAM = A57KTL95E8;
				FRAMEWORK_SEARCH_PATHS = (
					"$(inherited)",
					"$(PROJECT_DIR)",
				);
				INFOPLIST_FILE = OneBreath/Info.plist;
				IPHONEOS_DEPLOYMENT_TARGET = 13.0;
				LD_RUNPATH_SEARCH_PATHS = (
					"$(inherited)",
					"@executable_path/Frameworks",
				);
				LIBRARY_SEARCH_PATHS = (
					"$(inherited)",
					"$(PROJECT_DIR)/libbambuser/lib",
				);
				MARKETING_VERSION = 0.11;
				PRODUCT_BUNDLE_IDENTIFIER = com.breatholution.the;
				PRODUCT_NAME = Breatholution;
				PROVISIONING_PROFILE_SPECIFIER = "";
				SWIFT_OBJC_BRIDGING_HEADER = "OneBreath/OneBreath-Bridging-Header.h";
				SWIFT_VERSION = 5.0;
				TARGETED_DEVICE_FAMILY = "1,2";
			};
			name = Release;
		};
/* End XCBuildConfiguration section */

/* Begin XCConfigurationList section */
		D0BA7213235CDC300049913D /* Build configuration list for PBXProject "OneBreath" */ = {
			isa = XCConfigurationList;
			buildConfigurations = (
				D0BA722A235CDC310049913D /* Debug */,
				D0BA722B235CDC310049913D /* Release */,
			);
			defaultConfigurationIsVisible = 0;
			defaultConfigurationName = Release;
		};
		D0BA722C235CDC310049913D /* Build configuration list for PBXNativeTarget "OneBreath" */ = {
			isa = XCConfigurationList;
			buildConfigurations = (
				D0BA722D235CDC310049913D /* Debug */,
				D0BA722E235CDC310049913D /* Release */,
			);
			defaultConfigurationIsVisible = 0;
			defaultConfigurationName = Release;
		};
/* End XCConfigurationList section */
	};
	rootObject = D0BA7210235CDC300049913D /* Project object */;
}
