PODS:
  - CountdownLabel (4.0.1)
  - libbambuser-ios (0.9.24)
  - NVActivityIndicatorView (4.8.0):
    - NVActivityIndicatorView/Presenter (= 4.8.0)
  - NVActivityIndicatorView/Presenter (4.8.0)

DEPENDENCIES:
  - CountdownLabel
  - libbambuser-ios (= 0.9.24)
  - NVActivityIndicatorView

SPEC REPOS:
  trunk:
    - CountdownLabel
    - libbambuser-ios
    - NVActivityIndicatorView

SPEC CHECKSUMS:
  CountdownLabel: c9975e3f329140b5e7d1f45cd63b1300badd1712
  libbambuser-ios: b72869a4f04485befc3237aab425a5021d183788
  NVActivityIndicatorView: d24b7ebcf80af5dcd994adb650e2b6c93379270f

PODFILE CHECKSUM: a14f232bad972c08ed39e14d018f5f01f1dbf676

COCOAPODS: 1.8.4
